
Microsoft Visual Studio Solution File, Format Version 12.00
# Visual Studio Version 16
VisualStudioVersion = 16.0.30611.23
MinimumVisualStudioVersion = 10.0.40219.1
Project("{9A19103F-16F7-4668-BE54-9A1E7A4F7556}") = "HashMap", "HashMap.csproj", "{D39E76DF-AE95-41A5-8119-D793542E3A7D}"
EndProject
Project("{FAE04EC0-301F-11D3-BF4B-00C04F79EFBC}") = "TestHashMap", "..\TestJashMap\TestHashMap.csproj", "{210D54EC-E61F-4EEF-B54F-7B0C8E845EC4}"
EndProject
Global
	GlobalSection(SolutionConfigurationPlatforms) = preSolution
		Debug|Any CPU = Debug|Any CPU
		Release|Any CPU = Release|Any CPU
	EndGlobalSection
	GlobalSection(ProjectConfigurationPlatforms) = postSolution
		{D39E76DF-AE95-41A5-8119-D793542E3A7D}.Debug|Any CPU.ActiveCfg = Debug|Any CPU
		{D39E76DF-AE95-41A5-8119-D793542E3A7D}.Debug|Any CPU.Build.0 = Debug|Any CPU
		{D39E76DF-AE95-41A5-8119-D793542E3A7D}.Release|Any CPU.ActiveCfg = Release|Any CPU
		{D39E76DF-AE95-41A5-8119-D793542E3A7D}.Release|Any CPU.Build.0 = Release|Any CPU
		{210D54EC-E61F-4EEF-B54F-7B0C8E845EC4}.Debug|Any CPU.ActiveCfg = Debug|Any CPU
		{210D54EC-E61F-4EEF-B54F-7B0C8E845EC4}.Debug|Any CPU.Build.0 = Debug|Any CPU
		{210D54EC-E61F-4EEF-B54F-7B0C8E845EC4}.Release|Any CPU.ActiveCfg = Release|Any CPU
		{210D54EC-E61F-4EEF-B54F-7B0C8E845EC4}.Release|Any CPU.Build.0 = Release|Any CPU
	EndGlobalSection
	GlobalSection(SolutionProperties) = preSolution
		HideSolutionNode = FALSE
	EndGlobalSection
	GlobalSection(ExtensibilityGlobals) = postSolution
		SolutionGuid = {A7851518-C4BB-41A4-917C-201FF16120AC}
	EndGlobalSection
EndGlobal
